// !$*UTF8*$!
{
	archiveVersion = 1;
	classes = {
	};
	objectVersion = 50;
	objects = {

/* Begin PBXBuildFile section */
		D656C41C262539F800224C04 /* AppDelegate.swift in Sources */ = {isa = PBXBuildFile; fileRef = D656C41B262539F800224C04 /* AppDelegate.swift */; };
		D656C41E262539F800224C04 /* SceneDelegate.swift in Sources */ = {isa = PBXBuildFile; fileRef = D656C41D262539F800224C04 /* SceneDelegate.swift */; };
		D656C420262539F800224C04 /* ViewController.swift in Sources */ = {isa = PBXBuildFile; fileRef = D656C41F262539F800224C04 /* ViewController.swift */; };
		D656C423262539F800224C04 /* Main.storyboard in Resources */ = {isa = PBXBuildFile; fileRef = D656C421262539F800224C04 /* Main.storyboard */; };
		D656C425262539FB00224C04 /* Assets.xcassets in Resources */ = {isa = PBXBuildFile; fileRef = D656C424262539FB00224C04 /* Assets.xcassets */; };
		D656C428262539FB00224C04 /* LaunchScreen.storyboard in Resources */ = {isa = PBXBuildFile; fileRef = D656C426262539FB00224C04 /* LaunchScreen.storyboard */; };
		D656C433262539FB00224C04 /* Simple_CalculatorTests.swift in Sources */ = {isa = PBXBuildFile; fileRef = D656C432262539FB00224C04 /* Simple_CalculatorTests.swift */; };
		D656C43E262539FB00224C04 /* Simple_CalculatorUITests.swift in Sources */ = {isa = PBXBuildFile; fileRef = D656C43D262539FB00224C04 /* Simple_CalculatorUITests.swift */; };
/* End PBXBuildFile section */

/* Begin PBXContainerItemProxy section */
		D656C42F262539FB00224C04 /* PBXContainerItemProxy */ = {
			isa = PBXContainerItemProxy;
			containerPortal = D656C410262539F800224C04 /* Project object */;
			proxyType = 1;
			remoteGlobalIDString = D656C417262539F800224C04;
			remoteInfo = "Simple Calculator";
		};
		D656C43A262539FB00224C04 /* PBXContainerItemProxy */ = {
			isa = PBXContainerItemProxy;
			containerPortal = D656C410262539F800224C04 /* Project object */;
			proxyType = 1;
			remoteGlobalIDString = D656C417262539F800224C04;
			remoteInfo = "Simple Calculator";
		};
/* End PBXContainerItemProxy section */

/* Begin PBXFileReference section */
		D656C418262539F800224C04 /* Simple Calculator.app */ = {isa = PBXFileReference; explicitFileType = wrapper.application; includeInIndex = 0; path = "Simple Calculator.app"; sourceTree = BUILT_PRODUCTS_DIR; };
		D656C41B262539F800224C04 /* AppDelegate.swift */ = {isa = PBXFileReference; lastKnownFileType = sourcecode.swift; path = AppDelegate.swift; sourceTree = "<group>"; };
		D656C41D262539F800224C04 /* SceneDelegate.swift */ = {isa = PBXFileReference; lastKnownFileType = sourcecode.swift; path = SceneDelegate.swift; sourceTree = "<group>"; };
		D656C41F262539F800224C04 /* ViewController.swift */ = {isa = PBXFileReference; lastKnownFileType = sourcecode.swift; path = ViewController.swift; sourceTree = "<group>"; };
		D656C422262539F800224C04 /* Base */ = {isa = PBXFileReference; lastKnownFileType = file.storyboard; name = Base; path = Base.lproj/Main.storyboard; sourceTree = "<group>"; };
		D656C424262539FB00224C04 /* Assets.xcassets */ = {isa = PBXFileReference; lastKnownFileType = folder.assetcatalog; path = Assets.xcassets; sourceTree = "<group>"; };
		D656C427262539FB00224C04 /* Base */ = {isa = PBXFileReference; lastKnownFileType = file.storyboard; name = Base; path = Base.lproj/LaunchScreen.storyboard; sourceTree = "<group>"; };
		D656C429262539FB00224C04 /* Info.plist */ = {isa = PBXFileReference; lastKnownFileType = text.plist.xml; path = Info.plist; sourceTree = "<group>"; };
		D656C42E262539FB00224C04 /* Simple CalculatorTests.xctest */ = {isa = PBXFileReference; explicitFileType = wrapper.cfbundle; includeInIndex = 0; path = "Simple CalculatorTests.xctest"; sourceTree = BUILT_PRODUCTS_DIR; };
		D656C432262539FB00224C04 /* Simple_CalculatorTests.swift */ = {isa = PBXFileReference; lastKnownFileType = sourcecode.swift; path = Simple_CalculatorTests.swift; sourceTree = "<group>"; };
		D656C434262539FB00224C04 /* Info.plist */ = {isa = PBXFileReference; lastKnownFileType = text.plist.xml; path = Info.plist; sourceTree = "<group>"; };
		D656C439262539FB00224C04 /* Simple CalculatorUITests.xctest */ = {isa = PBXFileReference; explicitFileType = wrapper.cfbundle; includeInIndex = 0; path = "Simple CalculatorUITests.xctest"; sourceTree = BUILT_PRODUCTS_DIR; };
		D656C43D262539FB00224C04 /* Simple_CalculatorUITests.swift */ = {isa = PBXFileReference; lastKnownFileType = sourcecode.swift; path = Simple_CalculatorUITests.swift; sourceTree = "<group>"; };
		D656C43F262539FB00224C04 /* Info.plist */ = {isa = PBXFileReference; lastKnownFileType = text.plist.xml; path = Info.plist; sourceTree = "<group>"; };
/* End PBXFileReference section */

/* Begin PBXFrameworksBuildPhase section */
		D656C415262539F800224C04 /* Frameworks */ = {
			isa = PBXFrameworksBuildPhase;
			buildActionMask = 2147483647;
			files = (
			);
			runOnlyForDeploymentPostprocessing = 0;
		};
		D656C42B262539FB00224C04 /* Frameworks */ = {
			isa = PBXFrameworksBuildPhase;
			buildActionMask = 2147483647;
			files = (
			);
			runOnlyForDeploymentPostprocessing = 0;
		};
		D656C436262539FB00224C04 /* Frameworks */ = {
			isa = PBXFrameworksBuildPhase;
			buildActionMask = 2147483647;
			files = (
			);
			runOnlyForDeploymentPostprocessing = 0;
		};
/* End PBXFrameworksBuildPhase section */

/* Begin PBXGroup section */
		D656C40F262539F800224C04 = {
			isa = PBXGroup;
			children = (
				D656C41A262539F800224C04 /* Simple Calculator */,
				D656C431262539FB00224C04 /* Simple CalculatorTests */,
				D656C43C262539FB00224C04 /* Simple CalculatorUITests */,
				D656C419262539F800224C04 /* Products */,
			);
			sourceTree = "<group>";
		};
		D656C419262539F800224C04 /* Products */ = {
			isa = PBXGroup;
			children = (
				D656C418262539F800224C04 /* Simple Calculator.app */,
				D656C42E262539FB00224C04 /* Simple CalculatorTests.xctest */,
				D656C439262539FB00224C04 /* Simple CalculatorUITests.xctest */,
			);
			name = Products;
			sourceTree = "<group>";
		};
		D656C41A262539F800224C04 /* Simple Calculator */ = {
			isa = PBXGroup;
			children = (
				D656C41B262539F800224C04 /* AppDelegate.swift */,
				D656C41D262539F800224C04 /* SceneDelegate.swift */,
				D656C41F262539F800224C04 /* ViewController.swift */,
				D656C421262539F800224C04 /* Main.storyboard */,
				D656C424262539FB00224C04 /* Assets.xcassets */,
				D656C426262539FB00224C04 /* LaunchScreen.storyboard */,
				D656C429262539FB00224C04 /* Info.plist */,
			);
			path = "Simple Calculator";
			sourceTree = "<group>";
		};
		D656C431262539FB00224C04 /* Simple CalculatorTests */ = {
			isa = PBXGroup;
			children = (
				D656C432262539FB00224C04 /* Simple_CalculatorTests.swift */,
				D656C434262539FB00224C04 /* Info.plist */,
			);
			path = "Simple CalculatorTests";
			sourceTree = "<group>";
		};
		D656C43C262539FB00224C04 /* Simple CalculatorUITests */ = {
			isa = PBXGroup;
			children = (
				D656C43D262539FB00224C04 /* Simple_CalculatorUITests.swift */,
				D656C43F262539FB00224C04 /* Info.plist */,
			);
			path = "Simple CalculatorUITests";
			sourceTree = "<group>";
		};
/* End PBXGroup section */

/* Begin PBXNativeTarget section */
		D656C417262539F800224C04 /* Simple Calculator */ = {
			isa = PBXNativeTarget;
			buildConfigurationList = D656C442262539FB00224C04 /* Build configuration list for PBXNativeTarget "Simple Calculator" */;
			buildPhases = (
				D656C414262539F800224C04 /* Sources */,
				D656C415262539F800224C04 /* Frameworks */,
				D656C416262539F800224C04 /* Resources */,
			);
			buildRules = (
			);
			dependencies = (
			);
			name = "Simple Calculator";
			productName = "Simple Calculator";
			productReference = D656C418262539F800224C04 /* Simple Calculator.app */;
			productType = "com.apple.product-type.application";
		};
		D656C42D262539FB00224C04 /* Simple CalculatorTests */ = {
			isa = PBXNativeTarget;
			buildConfigurationList = D656C445262539FB00224C04 /* Build configuration list for PBXNativeTarget "Simple CalculatorTests" */;
			buildPhases = (
				D656C42A262539FB00224C04 /* Sources */,
				D656C42B262539FB00224C04 /* Frameworks */,
				D656C42C262539FB00224C04 /* Resources */,
			);
			buildRules = (
			);
			dependencies = (
				D656C430262539FB00224C04 /* PBXTargetDependency */,
			);
			name = "Simple CalculatorTests";
			productName = "Simple CalculatorTests";
			productReference = D656C42E262539FB00224C04 /* Simple CalculatorTests.xctest */;
			productType = "com.apple.product-type.bundle.unit-test";
		};
		D656C438262539FB00224C04 /* Simple CalculatorUITests */ = {
			isa = PBXNativeTarget;
			buildConfigurationList = D656C448262539FB00224C04 /* Build configuration list for PBXNativeTarget "Simple CalculatorUITests" */;
			buildPhases = (
				D656C435262539FB00224C04 /* Sources */,
				D656C436262539FB00224C04 /* Frameworks */,
				D656C437262539FB00224C04 /* Resources */,
			);
			buildRules = (
			);
			dependencies = (
				D656C43B262539FB00224C04 /* PBXTargetDependency */,
			);
			name = "Simple CalculatorUITests";
			productName = "Simple CalculatorUITests";
			productReference = D656C439262539FB00224C04 /* Simple CalculatorUITests.xctest */;
			productType = "com.apple.product-type.bundle.ui-testing";
		};
/* End PBXNativeTarget section */

/* Begin PBXProject section */
		D656C410262539F800224C04 /* Project object */ = {
			isa = PBXProject;
			attributes = {
				LastSwiftUpdateCheck = 1200;
				LastUpgradeCheck = 1200;
				TargetAttributes = {
					D656C417262539F800224C04 = {
						CreatedOnToolsVersion = 12.0.1;
					};
					D656C42D262539FB00224C04 = {
						CreatedOnToolsVersion = 12.0.1;
						TestTargetID = D656C417262539F800224C04;
					};
					D656C438262539FB00224C04 = {
						CreatedOnToolsVersion = 12.0.1;
						TestTargetID = D656C417262539F800224C04;
					};
				};
			};
			buildConfigurationList = D656C413262539F800224C04 /* Build configuration list for PBXProject "Simple Calculator" */;
			compatibilityVersion = "Xcode 9.3";
			developmentRegion = en;
			hasScannedForEncodings = 0;
			knownRegions = (
				en,
				Base,
			);
			mainGroup = D656C40F262539F800224C04;
			productRefGroup = D656C419262539F800224C04 /* Products */;
			projectDirPath = "";
			projectRoot = "";
			targets = (
				D656C417262539F800224C04 /* Simple Calculator */,
				D656C42D262539FB00224C04 /* Simple CalculatorTests */,
				D656C438262539FB00224C04 /* Simple CalculatorUITests */,
			);
		};
/* End PBXProject section */

/* Begin PBXResourcesBuildPhase section */
		D656C416262539F800224C04 /* Resources */ = {
			isa = PBXResourcesBuildPhase;
			buildActionMask = 2147483647;
			files = (
				D656C428262539FB00224C04 /* LaunchScreen.storyboard in Resources */,
				D656C425262539FB00224C04 /* Assets.xcassets in Resources */,
				D656C423262539F800224C04 /* Main.storyboard in Resources */,
			);
			runOnlyForDeploymentPostprocessing = 0;
		};
		D656C42C262539FB00224C04 /* Resources */ = {
			isa = PBXResourcesBuildPhase;
			buildActionMask = 2147483647;
			files = (
			);
			runOnlyForDeploymentPostprocessing = 0;
		};
		D656C437262539FB00224C04 /* Resources */ = {
			isa = PBXResourcesBuildPhase;
			buildActionMask = 2147483647;
			files = (
			);
			runOnlyForDeploymentPostprocessing = 0;
		};
/* End PBXResourcesBuildPhase section */

/* Begin PBXSourcesBuildPhase section */
		D656C414262539F800224C04 /* Sources */ = {
			isa = PBXSourcesBuildPhase;
			buildActionMask = 2147483647;
			files = (
				D656C420262539F800224C04 /* ViewController.swift in Sources */,
				D656C41C262539F800224C04 /* AppDelegate.swift in Sources */,
				D656C41E262539F800224C04 /* SceneDelegate.swift in Sources */,
			);
			runOnlyForDeploymentPostprocessing = 0;
		};
		D656C42A262539FB00224C04 /* Sources */ = {
			isa = PBXSourcesBuildPhase;
			buildActionMask = 2147483647;
			files = (
				D656C433262539FB00224C04 /* Simple_CalculatorTests.swift in Sources */,
			);
			runOnlyForDeploymentPostprocessing = 0;
		};
		D656C435262539FB00224C04 /* Sources */ = {
			isa = PBXSourcesBuildPhase;
			buildActionMask = 2147483647;
			files = (
				D656C43E262539FB00224C04 /* Simple_CalculatorUITests.swift in Sources */,
			);
			runOnlyForDeploymentPostprocessing = 0;
		};
/* End PBXSourcesBuildPhase section */

/* Begin PBXTargetDependency section */
		D656C430262539FB00224C04 /* PBXTargetDependency */ = {
			isa = PBXTargetDependency;
			target = D656C417262539F800224C04 /* Simple Calculator */;
			targetProxy = D656C42F262539FB00224C04 /* PBXContainerItemProxy */;
		};
		D656C43B262539FB00224C04 /* PBXTargetDependency */ = {
			isa = PBXTargetDependency;
			target = D656C417262539F800224C04 /* Simple Calculator */;
			targetProxy = D656C43A262539FB00224C04 /* PBXContainerItemProxy */;
		};
/* End PBXTargetDependency section */

/* Begin PBXVariantGroup section */
		D656C421262539F800224C04 /* Main.storyboard */ = {
			isa = PBXVariantGroup;
			children = (
				D656C422262539F800224C04 /* Base */,
			);
			name = Main.storyboard;
			sourceTree = "<group>";
		};
		D656C426262539FB00224C04 /* LaunchScreen.storyboard */ = {
			isa = PBXVariantGroup;
			children = (
				D656C427262539FB00224C04 /* Base */,
			);
			name = LaunchScreen.storyboard;
			sourceTree = "<group>";
		};
/* End PBXVariantGroup section */

/* Begin XCBuildConfiguration section */
		D656C440262539FB00224C04 /* Debug */ = {
			isa = XCBuildConfiguration;
			buildSettings = {
				ALWAYS_SEARCH_USER_PATHS = NO;
				CLANG_ANALYZER_NONNULL = YES;
				CLANG_ANALYZER_NUMBER_OBJECT_CONVERSION = YES_AGGRESSIVE;
				CLANG_CXX_LANGUAGE_STANDARD = "gnu++14";
				CLANG_CXX_LIBRARY = "libc++";
				CLANG_ENABLE_MODULES = YES;
				CLANG_ENABLE_OBJC_ARC = YES;
				CLANG_ENABLE_OBJC_WEAK = YES;
				CLANG_WARN_BLOCK_CAPTURE_AUTORELEASING = YES;
				CLANG_WARN_BOOL_CONVERSION = YES;
				CLANG_WARN_COMMA = YES;
				CLANG_WARN_CONSTANT_CONVERSION = YES;
				CLANG_WARN_DEPRECATED_OBJC_IMPLEMENTATIONS = YES;
				CLANG_WARN_DIRECT_OBJC_ISA_USAGE = YES_ERROR;
				CLANG_WARN_DOCUMENTATION_COMMENTS = YES;
				CLANG_WARN_EMPTY_BODY = YES;
				CLANG_WARN_ENUM_CONVERSION = YES;
				CLANG_WARN_INFINITE_RECURSION = YES;
				CLANG_WARN_INT_CONVERSION = YES;
				CLANG_WARN_NON_LITERAL_NULL_CONVERSION = YES;
				CLANG_WARN_OBJC_IMPLICIT_RETAIN_SELF = YES;
				CLANG_WARN_OBJC_LITERAL_CONVERSION = YES;
				CLANG_WARN_OBJC_ROOT_CLASS = YES_ERROR;
				CLANG_WARN_QUOTED_INCLUDE_IN_FRAMEWORK_HEADER = YES;
				CLANG_WARN_RANGE_LOOP_ANALYSIS = YES;
				CLANG_WARN_STRICT_PROTOTYPES = YES;
				CLANG_WARN_SUSPICIOUS_MOVE = YES;
				CLANG_WARN_UNGUARDED_AVAILABILITY = YES_AGGRESSIVE;
				CLANG_WARN_UNREACHABLE_CODE = YES;
				CLANG_WARN__DUPLICATE_METHOD_MATCH = YES;
				COPY_PHASE_STRIP = NO;
				DEBUG_INFORMATION_FORMAT = dwarf;
				ENABLE_STRICT_OBJC_MSGSEND = YES;
				ENABLE_TESTABILITY = YES;
				GCC_C_LANGUAGE_STANDARD = gnu11;
				GCC_DYNAMIC_NO_PIC = NO;
				GCC_NO_COMMON_BLOCKS = YES;
				GCC_OPTIMIZATION_LEVEL = 0;
				GCC_PREPROCESSOR_DEFINITIONS = (
					"DEBUG=1",
					"$(inherited)",
				);
				GCC_WARN_64_TO_32_BIT_CONVERSION = YES;
				GCC_WARN_ABOUT_RETURN_TYPE = YES_ERROR;
				GCC_WARN_UNDECLARED_SELECTOR = YES;
				GCC_WARN_UNINITIALIZED_AUTOS = YES_AGGRESSIVE;
				GCC_WARN_UNUSED_FUNCTION = YES;
				GCC_WARN_UNUSED_VARIABLE = YES;
				IPHONEOS_DEPLOYMENT_TARGET = 14.0;
				MTL_ENABLE_DEBUG_INFO = INCLUDE_SOURCE;
				MTL_FAST_MATH = YES;
				ONLY_ACTIVE_ARCH = YES;
				SDKROOT = iphoneos;
				SWIFT_ACTIVE_COMPILATION_CONDITIONS = DEBUG;
				SWIFT_OPTIMIZATION_LEVEL = "-Onone";
			};
			name = Debug;
		};
		D656C441262539FB00224C04 /* Release */ = {
			isa = XCBuildConfiguration;
			buildSettings = {
				ALWAYS_SEARCH_USER_PATHS = NO;
				CLANG_ANALYZER_NONNULL = YES;
				CLANG_ANALYZER_NUMBER_OBJECT_CONVERSION = YES_AGGRESSIVE;
				CLANG_CXX_LANGUAGE_STANDARD = "gnu++14";
				CLANG_CXX_LIBRARY = "libc++";
				CLANG_ENABLE_MODULES = YES;
				CLANG_ENABLE_OBJC_ARC = YES;
				CLANG_ENABLE_OBJC_WEAK = YES;
				CLANG_WARN_BLOCK_CAPTURE_AUTORELEASING = YES;
				CLANG_WARN_BOOL_CONVERSION = YES;
				CLANG_WARN_COMMA = YES;
				CLANG_WARN_CONSTANT_CONVERSION = YES;
				CLANG_WARN_DEPRECATED_OBJC_IMPLEMENTATIONS = YES;
				CLANG_WARN_DIRECT_OBJC_ISA_USAGE = YES_ERROR;
				CLANG_WARN_DOCUMENTATION_COMMENTS = YES;
				CLANG_WARN_EMPTY_BODY = YES;
				CLANG_WARN_ENUM_CONVERSION = YES;
				CLANG_WARN_INFINITE_RECURSION = YES;
				CLANG_WARN_INT_CONVERSION = YES;
				CLANG_WARN_NON_LITERAL_NULL_CONVERSION = YES;
				CLANG_WARN_OBJC_IMPLICIT_RETAIN_SELF = YES;
				CLANG_WARN_OBJC_LITERAL_CONVERSION = YES;
				CLANG_WARN_OBJC_ROOT_CLASS = YES_ERROR;
				CLANG_WARN_QUOTED_INCLUDE_IN_FRAMEWORK_HEADER = YES;
				CLANG_WARN_RANGE_LOOP_ANALYSIS = YES;
				CLANG_WARN_STRICT_PROTOTYPES = YES;
				CLANG_WARN_SUSPICIOUS_MOVE = YES;
				CLANG_WARN_UNGUARDED_AVAILABILITY = YES_AGGRESSIVE;
				CLANG_WARN_UNREACHABLE_CODE = YES;
				CLANG_WARN__DUPLICATE_METHOD_MATCH = YES;
				COPY_PHASE_STRIP = NO;
				DEBUG_INFORMATION_FORMAT = "dwarf-with-dsym";
				ENABLE_NS_ASSERTIONS = NO;
				ENABLE_STRICT_OBJC_MSGSEND = YES;
				GCC_C_LANGUAGE_STANDARD = gnu11;
				GCC_NO_COMMON_BLOCKS = YES;
				GCC_WARN_64_TO_32_BIT_CONVERSION = YES;
				GCC_WARN_ABOUT_RETURN_TYPE = YES_ERROR;
				GCC_WARN_UNDECLARED_SELECTOR = YES;
				GCC_WARN_UNINITIALIZED_AUTOS = YES_AGGRESSIVE;
				GCC_WARN_UNUSED_FUNCTION = YES;
				GCC_WARN_UNUSED_VARIABLE = YES;
				IPHONEOS_DEPLOYMENT_TARGET = 14.0;
				MTL_ENABLE_DEBUG_INFO = NO;
				MTL_FAST_MATH = YES;
				SDKROOT = iphoneos;
				SWIFT_COMPILATION_MODE = wholemodule;
				SWIFT_OPTIMIZATION_LEVEL = "-O";
				VALIDATE_PRODUCT = YES;
			};
			name = Release;
		};
		D656C443262539FB00224C04 /* Debug */ = {
			isa = XCBuildConfiguration;
			buildSettings = {
				ASSETCATALOG_COMPILER_APPICON_NAME = AppIcon;
				ASSETCATALOG_COMPILER_GLOBAL_ACCENT_COLOR_NAME = AccentColor;
				CODE_SIGN_STYLE = Automatic;
				INFOPLIST_FILE = "Simple Calculator/Info.plist";
				LD_RUNPATH_SEARCH_PATHS = (
					"$(inherited)",
					"@executable_path/Frameworks",
				);
				PRODUCT_BUNDLE_IDENTIFIER = "oatleals.Simple-Calculator";
				PRODUCT_NAME = "$(TARGET_NAME)";
				SWIFT_VERSION = 5.0;
				TARGETED_DEVICE_FAMILY = "1,2";
			};
			name = Debug;
		};
		D656C444262539FB00224C04 /* Release */ = {
			isa = XCBuildConfiguration;
			buildSettings = {
				ASSETCATALOG_COMPILER_APPICON_NAME = AppIcon;
				ASSETCATALOG_COMPILER_GLOBAL_ACCENT_COLOR_NAME = AccentColor;
				CODE_SIGN_STYLE = Automatic;
				INFOPLIST_FILE = "Simple Calculator/Info.plist";
				LD_RUNPATH_SEARCH_PATHS = (
					"$(inherited)",
					"@executable_path/Frameworks",
				);
				PRODUCT_BUNDLE_IDENTIFIER = "oatleals.Simple-Calculator";
				PRODUCT_NAME = "$(TARGET_NAME)";
				SWIFT_VERSION = 5.0;
				TARGETED_DEVICE_FAMILY = "1,2";
			};
			name = Release;
		};
		D656C446262539FB00224C04 /* Debug */ = {
			isa = XCBuildConfiguration;
			buildSettings = {
				ALWAYS_EMBED_SWIFT_STANDARD_LIBRARIES = YES;
				BUNDLE_LOADER = "$(TEST_HOST)";
				CODE_SIGN_STYLE = Automatic;
				INFOPLIST_FILE = "Simple CalculatorTests/Info.plist";
				IPHONEOS_DEPLOYMENT_TARGET = 14.0;
				LD_RUNPATH_SEARCH_PATHS = (
					"$(inherited)",
					"@executable_path/Frameworks",
					"@loader_path/Frameworks",
				);
				PRODUCT_BUNDLE_IDENTIFIER = "oatleals.Simple-CalculatorTests";
				PRODUCT_NAME = "$(TARGET_NAME)";
				SWIFT_VERSION = 5.0;
				TARGETED_DEVICE_FAMILY = "1,2";
				TEST_HOST = "$(BUILT_PRODUCTS_DIR)/Simple Calculator.app/Simple Calculator";
			};
			name = Debug;
		};
		D656C447262539FB00224C04 /* Release */ = {
			isa = XCBuildConfiguration;
			buildSettings = {
				ALWAYS_EMBED_SWIFT_STANDARD_LIBRARIES = YES;
				BUNDLE_LOADER = "$(TEST_HOST)";
				CODE_SIGN_STYLE = Automatic;
				INFOPLIST_FILE = "Simple CalculatorTests/Info.plist";
				IPHONEOS_DEPLOYMENT_TARGET = 14.0;
				LD_RUNPATH_SEARCH_PATHS = (
					"$(inherited)",
					"@executable_path/Frameworks",
					"@loader_path/Frameworks",
				);
				PRODUCT_BUNDLE_IDENTIFIER = "oatleals.Simple-CalculatorTests";
				PRODUCT_NAME = "$(TARGET_NAME)";
				SWIFT_VERSION = 5.0;
				TARGETED_DEVICE_FAMILY = "1,2";
				TEST_HOST = "$(BUILT_PRODUCTS_DIR)/Simple Calculator.app/Simple Calculator";
			};
			name = Release;
		};
		D656C449262539FB00224C04 /* Debug */ = {
			isa = XCBuildConfiguration;
			buildSettings = {
				ALWAYS_EMBED_SWIFT_STANDARD_LIBRARIES = YES;
				CODE_SIGN_STYLE = Automatic;
				INFOPLIST_FILE = "Simple CalculatorUITests/Info.plist";
				LD_RUNPATH_SEARCH_PATHS = (
					"$(inherited)",
					"@executable_path/Frameworks",
					"@loader_path/Frameworks",
				);
				PRODUCT_BUNDLE_IDENTIFIER = "oatleals.Simple-CalculatorUITests";
				PRODUCT_NAME = "$(TARGET_NAME)";
				SWIFT_VERSION = 5.0;
				TARGETED_DEVICE_FAMILY = "1,2";
				TEST_TARGET_NAME = "Simple Calculator";
			};
			name = Debug;
		};
		D656C44A262539FB00224C04 /* Release */ = {
			isa = XCBuildConfiguration;
			buildSettings = {
				ALWAYS_EMBED_SWIFT_STANDARD_LIBRARIES = YES;
				CODE_SIGN_STYLE = Automatic;
				INFOPLIST_FILE = "Simple CalculatorUITests/Info.plist";
				LD_RUNPATH_SEARCH_PATHS = (
					"$(inherited)",
					"@executable_path/Frameworks",
					"@loader_path/Frameworks",
				);
				PRODUCT_BUNDLE_IDENTIFIER = "oatleals.Simple-CalculatorUITests";
				PRODUCT_NAME = "$(TARGET_NAME)";
				SWIFT_VERSION = 5.0;
				TARGETED_DEVICE_FAMILY = "1,2";
				TEST_TARGET_NAME = "Simple Calculator";
			};
			name = Release;
		};
/* End XCBuildConfiguration section */

/* Begin XCConfigurationList section */
		D656C413262539F800224C04 /* Build configuration list for PBXProject "Simple Calculator" */ = {
			isa = XCConfigurationList;
			buildConfigurations = (
				D656C440262539FB00224C04 /* Debug */,
				D656C441262539FB00224C04 /* Release */,
			);
			defaultConfigurationIsVisible = 0;
			defaultConfigurationName = Release;
		};
		D656C442262539FB00224C04 /* Build configuration list for PBXNativeTarget "Simple Calculator" */ = {
			isa = XCConfigurationList;
			buildConfigurations = (
				D656C443262539FB00224C04 /* Debug */,
				D656C444262539FB00224C04 /* Release */,
			);
			defaultConfigurationIsVisible = 0;
			defaultConfigurationName = Release;
		};
		D656C445262539FB00224C04 /* Build configuration list for PBXNativeTarget "Simple CalculatorTests" */ = {
			isa = XCConfigurationList;
			buildConfigurations = (
				D656C446262539FB00224C04 /* Debug */,
				D656C447262539FB00224C04 /* Release */,
			);
			defaultConfigurationIsVisible = 0;
			defaultConfigurationName = Release;
		};
		D656C448262539FB00224C04 /* Build configuration list for PBXNativeTarget "Simple CalculatorUITests" */ = {
			isa = XCConfigurationList;
			buildConfigurations = (
				D656C449262539FB00224C04 /* Debug */,
				D656C44A262539FB00224C04 /* Release */,
			);
			defaultConfigurationIsVisible = 0;
			defaultConfigurationName = Release;
		};
/* End XCConfigurationList section */
	};
	rootObject = D656C410262539F800224C04 /* Project object */;
}
